
Microsoft Visual Studio Solution File, Format Version 12.00
# Visual Studio 14
VisualStudioVersion = 14.0.25420.1
MinimumVisualStudioVersion = 10.0.40219.1
Project("{FAE04EC0-301F-11D3-BF4B-00C04F79EFBC}") = "List lecture 1.0", "List lecture 1.0\List lecture 1.0.csproj", "{9F76A20C-D530-422E-AD0F-100CB4075C72}"
EndProject
Project("{FAE04EC0-301F-11D3-BF4B-00C04F79EFBC}") = "List lecture 2.0", "List lecture 2.0\List lecture 2.0.csproj", "{CA0028E0-E6F1-4998-A96C-C1997E0C1B7B}"
EndProject
Project("{FAE04EC0-301F-11D3-BF4B-00C04F79EFBC}") = "Remove Negatives and Reverse", "Remove Negatives and Reverse\Remove Negatives and Reverse.csproj", "{C0632D3B-6527-4F17-9206-48D34099A3F2}"
EndProject
Project("{FAE04EC0-301F-11D3-BF4B-00C04F79EFBC}") = "Append Lists", "Append Lists\Append Lists.csproj", "{2099357E-3AFE-462C-9FF1-1CD63A956D0F}"
EndProject
Project("{FAE04EC0-301F-11D3-BF4B-00C04F79EFBC}") = "Remove Elements at Odd Positions", "Remove Elements at Odd Positions\Remove Elements at Odd Positions.csproj", "{C1CAF18A-D879-4557-903E-00359FEF6D7E}"
EndProject
Project("{FAE04EC0-301F-11D3-BF4B-00C04F79EFBC}") = "Distinct List", "Distinct List\Distinct List.csproj", "{5C5BFABE-A1AD-4B97-AB38-4C5F2D079273}"
EndProject
Project("{FAE04EC0-301F-11D3-BF4B-00C04F79EFBC}") = "Array and List Algorithms 1.0(Contain metod)", "Array and List Algorithms\Array and List Algorithms 1.0(Contain metod).csproj", "{00FA896D-31F8-480E-99BC-71F978682C31}"
EndProject
Project("{FAE04EC0-301F-11D3-BF4B-00C04F79EFBC}") = "Shoot List Elements", "test 1.0\Shoot List Elements.csproj", "{F85C9213-3DDC-4CF3-B0F5-B746FA1E2B7E}"
EndProject
Project("{FAE04EC0-301F-11D3-BF4B-00C04F79EFBC}") = "Average Character Delimiter", "Average Character Delimiter\Average Character Delimiter.csproj", "{A861BD71-3704-427D-B89E-88FDEF04C750}"
EndProject
Project("{FAE04EC0-301F-11D3-BF4B-00C04F79EFBC}") = "Sort Array of Strings", "Sort Array of Strings\Sort Array of Strings.csproj", "{81FF8C91-E469-46CC-B807-9DE2D8A168B5}"
EndProject
Project("{FAE04EC0-301F-11D3-BF4B-00C04F79EFBC}") = "Array and List Algorithms 2.0(Min_Max metod)", "Array and List Algorithms 2.0\Array and List Algorithms 2.0(Min_Max metod).csproj", "{A40C75FC-0DCD-4C81-B361-5934DE00E47A}"
EndProject
Project("{FAE04EC0-301F-11D3-BF4B-00C04F79EFBC}") = "Array and List Algorithms 3.0(Revers metod)", "Array and List Algorithms 3.0(Revers metod)\Array and List Algorithms 3.0(Revers metod).csproj", "{A050C1CA-2345-4BB6-867F-6E5DA4EB4A42}"
EndProject
Global
	GlobalSection(SolutionConfigurationPlatforms) = preSolution
		Debug|Any CPU = Debug|Any CPU
		Release|Any CPU = Release|Any CPU
	EndGlobalSection
	GlobalSection(ProjectConfigurationPlatforms) = postSolution
		{9F76A20C-D530-422E-AD0F-100CB4075C72}.Debug|Any CPU.ActiveCfg = Debug|Any CPU
		{9F76A20C-D530-422E-AD0F-100CB4075C72}.Debug|Any CPU.Build.0 = Debug|Any CPU
		{9F76A20C-D530-422E-AD0F-100CB4075C72}.Release|Any CPU.ActiveCfg = Release|Any CPU
		{9F76A20C-D530-422E-AD0F-100CB4075C72}.Release|Any CPU.Build.0 = Release|Any CPU
		{CA0028E0-E6F1-4998-A96C-C1997E0C1B7B}.Debug|Any CPU.ActiveCfg = Debug|Any CPU
		{CA0028E0-E6F1-4998-A96C-C1997E0C1B7B}.Debug|Any CPU.Build.0 = Debug|Any CPU
		{CA0028E0-E6F1-4998-A96C-C1997E0C1B7B}.Release|Any CPU.ActiveCfg = Release|Any CPU
		{CA0028E0-E6F1-4998-A96C-C1997E0C1B7B}.Release|Any CPU.Build.0 = Release|Any CPU
		{C0632D3B-6527-4F17-9206-48D34099A3F2}.Debug|Any CPU.ActiveCfg = Debug|Any CPU
		{C0632D3B-6527-4F17-9206-48D34099A3F2}.Debug|Any CPU.Build.0 = Debug|Any CPU
		{C0632D3B-6527-4F17-9206-48D34099A3F2}.Release|Any CPU.ActiveCfg = Release|Any CPU
		{C0632D3B-6527-4F17-9206-48D34099A3F2}.Release|Any CPU.Build.0 = Release|Any CPU
		{2099357E-3AFE-462C-9FF1-1CD63A956D0F}.Debug|Any CPU.ActiveCfg = Debug|Any CPU
		{2099357E-3AFE-462C-9FF1-1CD63A956D0F}.Debug|Any CPU.Build.0 = Debug|Any CPU
		{2099357E-3AFE-462C-9FF1-1CD63A956D0F}.Release|Any CPU.ActiveCfg = Release|Any CPU
		{2099357E-3AFE-462C-9FF1-1CD63A956D0F}.Release|Any CPU.Build.0 = Release|Any CPU
		{C1CAF18A-D879-4557-903E-00359FEF6D7E}.Debug|Any CPU.ActiveCfg = Debug|Any CPU
		{C1CAF18A-D879-4557-903E-00359FEF6D7E}.Debug|Any CPU.Build.0 = Debug|Any CPU
		{C1CAF18A-D879-4557-903E-00359FEF6D7E}.Release|Any CPU.ActiveCfg = Release|Any CPU
		{C1CAF18A-D879-4557-903E-00359FEF6D7E}.Release|Any CPU.Build.0 = Release|Any CPU
		{5C5BFABE-A1AD-4B97-AB38-4C5F2D079273}.Debug|Any CPU.ActiveCfg = Debug|Any CPU
		{5C5BFABE-A1AD-4B97-AB38-4C5F2D079273}.Debug|Any CPU.Build.0 = Debug|Any CPU
		{5C5BFABE-A1AD-4B97-AB38-4C5F2D079273}.Release|Any CPU.ActiveCfg = Release|Any CPU
		{5C5BFABE-A1AD-4B97-AB38-4C5F2D079273}.Release|Any CPU.Build.0 = Release|Any CPU
		{00FA896D-31F8-480E-99BC-71F978682C31}.Debug|Any CPU.ActiveCfg = Debug|Any CPU
		{00FA896D-31F8-480E-99BC-71F978682C31}.Debug|Any CPU.Build.0 = Debug|Any CPU
		{00FA896D-31F8-480E-99BC-71F978682C31}.Release|Any CPU.ActiveCfg = Release|Any CPU
		{00FA896D-31F8-480E-99BC-71F978682C31}.Release|Any CPU.Build.0 = Release|Any CPU
		{F85C9213-3DDC-4CF3-B0F5-B746FA1E2B7E}.Debug|Any CPU.ActiveCfg = Debug|Any CPU
		{F85C9213-3DDC-4CF3-B0F5-B746FA1E2B7E}.Debug|Any CPU.Build.0 = Debug|Any CPU
		{F85C9213-3DDC-4CF3-B0F5-B746FA1E2B7E}.Release|Any CPU.ActiveCfg = Release|Any CPU
		{F85C9213-3DDC-4CF3-B0F5-B746FA1E2B7E}.Release|Any CPU.Build.0 = Release|Any CPU
		{A861BD71-3704-427D-B89E-88FDEF04C750}.Debug|Any CPU.ActiveCfg = Debug|Any CPU
		{A861BD71-3704-427D-B89E-88FDEF04C750}.Debug|Any CPU.Build.0 = Debug|Any CPU
		{A861BD71-3704-427D-B89E-88FDEF04C750}.Release|Any CPU.ActiveCfg = Release|Any CPU
		{A861BD71-3704-427D-B89E-88FDEF04C750}.Release|Any CPU.Build.0 = Release|Any CPU
		{81FF8C91-E469-46CC-B807-9DE2D8A168B5}.Debug|Any CPU.ActiveCfg = Debug|Any CPU
		{81FF8C91-E469-46CC-B807-9DE2D8A168B5}.Debug|Any CPU.Build.0 = Debug|Any CPU
		{81FF8C91-E469-46CC-B807-9DE2D8A168B5}.Release|Any CPU.ActiveCfg = Release|Any CPU
		{81FF8C91-E469-46CC-B807-9DE2D8A168B5}.Release|Any CPU.Build.0 = Release|Any CPU
		{A40C75FC-0DCD-4C81-B361-5934DE00E47A}.Debug|Any CPU.ActiveCfg = Debug|Any CPU
		{A40C75FC-0DCD-4C81-B361-5934DE00E47A}.Debug|Any CPU.Build.0 = Debug|Any CPU
		{A40C75FC-0DCD-4C81-B361-5934DE00E47A}.Release|Any CPU.ActiveCfg = Release|Any CPU
		{A40C75FC-0DCD-4C81-B361-5934DE00E47A}.Release|Any CPU.Build.0 = Release|Any CPU
		{A050C1CA-2345-4BB6-867F-6E5DA4EB4A42}.Debug|Any CPU.ActiveCfg = Debug|Any CPU
		{A050C1CA-2345-4BB6-867F-6E5DA4EB4A42}.Debug|Any CPU.Build.0 = Debug|Any CPU
		{A050C1CA-2345-4BB6-867F-6E5DA4EB4A42}.Release|Any CPU.ActiveCfg = Release|Any CPU
		{A050C1CA-2345-4BB6-867F-6E5DA4EB4A42}.Release|Any CPU.Build.0 = Release|Any CPU
	EndGlobalSection
	GlobalSection(SolutionProperties) = preSolution
		HideSolutionNode = FALSE
	EndGlobalSection
EndGlobal
