
Microsoft Visual Studio Solution File, Format Version 12.00
# Visual Studio 14
VisualStudioVersion = 14.0.25420.1
MinimumVisualStudioVersion = 10.0.40219.1
Project("{FAE04EC0-301F-11D3-BF4B-00C04F79EFBC}") = "List lecture 1.0", "List lecture 1.0\List lecture 1.0.csproj", "{9F76A20C-D530-422E-AD0F-100CB4075C72}"
EndProject
Project("{FAE04EC0-301F-11D3-BF4B-00C04F79EFBC}") = "List lecture 2.0", "List lecture 2.0\List lecture 2.0.csproj", "{CA0028E0-E6F1-4998-A96C-C1997E0C1B7B}"
EndProject
Project("{FAE04EC0-301F-11D3-BF4B-00C04F79EFBC}") = "Remove Negatives and Reverse", "Remove Negatives and Reverse\Remove Negatives and Reverse.csproj", "{C0632D3B-6527-4F17-9206-48D34099A3F2}"
EndProject
Project("{FAE04EC0-301F-11D3-BF4B-00C04F79EFBC}") = "Append Lists", "Append Lists\Append Lists.csproj", "{2099357E-3AFE-462C-9FF1-1CD63A956D0F}"
EndProject
Global
	GlobalSection(SolutionConfigurationPlatforms) = preSolution
		Debug|Any CPU = Debug|Any CPU
		Release|Any CPU = Release|Any CPU
	EndGlobalSection
	GlobalSection(ProjectConfigurationPlatforms) = postSolution
		{9F76A20C-D530-422E-AD0F-100CB4075C72}.Debug|Any CPU.ActiveCfg = Debug|Any CPU
		{9F76A20C-D530-422E-AD0F-100CB4075C72}.Debug|Any CPU.Build.0 = Debug|Any CPU
		{9F76A20C-D530-422E-AD0F-100CB4075C72}.Release|Any CPU.ActiveCfg = Release|Any CPU
		{9F76A20C-D530-422E-AD0F-100CB4075C72}.Release|Any CPU.Build.0 = Release|Any CPU
		{CA0028E0-E6F1-4998-A96C-C1997E0C1B7B}.Debug|Any CPU.ActiveCfg = Debug|Any CPU
		{CA0028E0-E6F1-4998-A96C-C1997E0C1B7B}.Debug|Any CPU.Build.0 = Debug|Any CPU
		{CA0028E0-E6F1-4998-A96C-C1997E0C1B7B}.Release|Any CPU.ActiveCfg = Release|Any CPU
		{CA0028E0-E6F1-4998-A96C-C1997E0C1B7B}.Release|Any CPU.Build.0 = Release|Any CPU
		{C0632D3B-6527-4F17-9206-48D34099A3F2}.Debug|Any CPU.ActiveCfg = Debug|Any CPU
		{C0632D3B-6527-4F17-9206-48D34099A3F2}.Debug|Any CPU.Build.0 = Debug|Any CPU
		{C0632D3B-6527-4F17-9206-48D34099A3F2}.Release|Any CPU.ActiveCfg = Release|Any CPU
		{C0632D3B-6527-4F17-9206-48D34099A3F2}.Release|Any CPU.Build.0 = Release|Any CPU
		{2099357E-3AFE-462C-9FF1-1CD63A956D0F}.Debug|Any CPU.ActiveCfg = Debug|Any CPU
		{2099357E-3AFE-462C-9FF1-1CD63A956D0F}.Debug|Any CPU.Build.0 = Debug|Any CPU
		{2099357E-3AFE-462C-9FF1-1CD63A956D0F}.Release|Any CPU.ActiveCfg = Release|Any CPU
		{2099357E-3AFE-462C-9FF1-1CD63A956D0F}.Release|Any CPU.Build.0 = Release|Any CPU
	EndGlobalSection
	GlobalSection(SolutionProperties) = preSolution
		HideSolutionNode = FALSE
	EndGlobalSection
EndGlobal
